# This file is automatically @generated by Wally.
# It is not intended for manual editing.
registry = "test"

[[package]]
name = "roblox/testez"
version = "0.4.1"
dependencies = []

[[package]]
name = "sleitnick/table-util"
version = "1.2.1"
dependencies = []

[[package]]
name = "steviegoodman/library-nmae"
version = "1.0.0"
dependencies = [["TableUtil", "sleitnick/table-util@1.2.1"], ["TestEz", "roblox/testez@0.4.1"]]
